// !$*UTF8*$!
{
	archiveVersion = 1;
	classes = {
	};
	objectVersion = 50;
	objects = {

/* Begin PBXBuildFile section */
		4541E39F2504B7580065AA94 /* CollectionReusableView.swift in Sources */ = {isa = PBXBuildFile; fileRef = 4541E39E2504B7580065AA94 /* CollectionReusableView.swift */; };
		457309442503F16E00395AC1 /* AppDelegate.swift in Sources */ = {isa = PBXBuildFile; fileRef = 457309432503F16E00395AC1 /* AppDelegate.swift */; };
		457309482503F16E00395AC1 /* ViewController.swift in Sources */ = {isa = PBXBuildFile; fileRef = 457309472503F16E00395AC1 /* ViewController.swift */; };
		4573094B2503F16E00395AC1 /* Main.storyboard in Resources */ = {isa = PBXBuildFile; fileRef = 457309492503F16E00395AC1 /* Main.storyboard */; };
		4573094D2503F18400395AC1 /* Assets.xcassets in Resources */ = {isa = PBXBuildFile; fileRef = 4573094C2503F18400395AC1 /* Assets.xcassets */; };
		457309502503F18500395AC1 /* LaunchScreen.storyboard in Resources */ = {isa = PBXBuildFile; fileRef = 4573094E2503F18500395AC1 /* LaunchScreen.storyboard */; };
		4573095B2503FAEB00395AC1 /* CollectionListViewModel.swift in Sources */ = {isa = PBXBuildFile; fileRef = 4573095A2503FAEB00395AC1 /* CollectionListViewModel.swift */; };
		4573095D2503FC8E00395AC1 /* CollectionListModel.swift in Sources */ = {isa = PBXBuildFile; fileRef = 4573095C2503FC8E00395AC1 /* CollectionListModel.swift */; };
		4573096025042B4D00395AC1 /* CollectionViewCell.swift in Sources */ = {isa = PBXBuildFile; fileRef = 4573095F25042B4D00395AC1 /* CollectionViewCell.swift */; };
		45730964250433E700395AC1 /* CommonHelper.swift in Sources */ = {isa = PBXBuildFile; fileRef = 45730963250433E700395AC1 /* CommonHelper.swift */; };
/* End PBXBuildFile section */

/* Begin PBXFileReference section */
		4541E39E2504B7580065AA94 /* CollectionReusableView.swift */ = {isa = PBXFileReference; lastKnownFileType = sourcecode.swift; path = CollectionReusableView.swift; sourceTree = "<group>"; };
		457309402503F16E00395AC1 /* doodleblueiOSTask.app */ = {isa = PBXFileReference; explicitFileType = wrapper.application; includeInIndex = 0; path = doodleblueiOSTask.app; sourceTree = BUILT_PRODUCTS_DIR; };
		457309432503F16E00395AC1 /* AppDelegate.swift */ = {isa = PBXFileReference; lastKnownFileType = sourcecode.swift; path = AppDelegate.swift; sourceTree = "<group>"; };
		457309472503F16E00395AC1 /* ViewController.swift */ = {isa = PBXFileReference; lastKnownFileType = sourcecode.swift; path = ViewController.swift; sourceTree = "<group>"; };
		4573094A2503F16E00395AC1 /* Base */ = {isa = PBXFileReference; lastKnownFileType = file.storyboard; name = Base; path = Base.lproj/Main.storyboard; sourceTree = "<group>"; };
		4573094C2503F18400395AC1 /* Assets.xcassets */ = {isa = PBXFileReference; lastKnownFileType = folder.assetcatalog; path = Assets.xcassets; sourceTree = "<group>"; };
		4573094F2503F18500395AC1 /* Base */ = {isa = PBXFileReference; lastKnownFileType = file.storyboard; name = Base; path = Base.lproj/LaunchScreen.storyboard; sourceTree = "<group>"; };
		457309512503F18500395AC1 /* Info.plist */ = {isa = PBXFileReference; lastKnownFileType = text.plist.xml; path = Info.plist; sourceTree = "<group>"; };
		4573095A2503FAEB00395AC1 /* CollectionListViewModel.swift */ = {isa = PBXFileReference; lastKnownFileType = sourcecode.swift; path = CollectionListViewModel.swift; sourceTree = "<group>"; };
		4573095C2503FC8E00395AC1 /* CollectionListModel.swift */ = {isa = PBXFileReference; lastKnownFileType = sourcecode.swift; path = CollectionListModel.swift; sourceTree = "<group>"; };
		4573095F25042B4D00395AC1 /* CollectionViewCell.swift */ = {isa = PBXFileReference; lastKnownFileType = sourcecode.swift; path = CollectionViewCell.swift; sourceTree = "<group>"; };
		45730963250433E700395AC1 /* CommonHelper.swift */ = {isa = PBXFileReference; lastKnownFileType = sourcecode.swift; path = CommonHelper.swift; sourceTree = "<group>"; };
/* End PBXFileReference section */

/* Begin PBXFrameworksBuildPhase section */
		4573093D2503F16E00395AC1 /* Frameworks */ = {
			isa = PBXFrameworksBuildPhase;
			buildActionMask = 2147483647;
			files = (
			);
			runOnlyForDeploymentPostprocessing = 0;
		};
/* End PBXFrameworksBuildPhase section */

/* Begin PBXGroup section */
		457309372503F16D00395AC1 = {
			isa = PBXGroup;
			children = (
				457309422503F16E00395AC1 /* doodleblueiOSTask */,
				457309412503F16E00395AC1 /* Products */,
			);
			sourceTree = "<group>";
		};
		457309412503F16E00395AC1 /* Products */ = {
			isa = PBXGroup;
			children = (
				457309402503F16E00395AC1 /* doodleblueiOSTask.app */,
			);
			name = Products;
			sourceTree = "<group>";
		};
		457309422503F16E00395AC1 /* doodleblueiOSTask */ = {
			isa = PBXGroup;
			children = (
				457309582503F8A800395AC1 /* Model */,
				457309572503F8A100395AC1 /* ViewModel */,
				457309592503F8B500395AC1 /* View */,
				4573095E2504064A00395AC1 /* Controller */,
				45730961250433A400395AC1 /* SupportingFiles */,
				457309432503F16E00395AC1 /* AppDelegate.swift */,
				457309492503F16E00395AC1 /* Main.storyboard */,
				4573094C2503F18400395AC1 /* Assets.xcassets */,
				4573094E2503F18500395AC1 /* LaunchScreen.storyboard */,
				457309512503F18500395AC1 /* Info.plist */,
			);
			path = doodleblueiOSTask;
			sourceTree = "<group>";
		};
		457309572503F8A100395AC1 /* ViewModel */ = {
			isa = PBXGroup;
			children = (
				4573095A2503FAEB00395AC1 /* CollectionListViewModel.swift */,
			);
			path = ViewModel;
			sourceTree = "<group>";
		};
		457309582503F8A800395AC1 /* Model */ = {
			isa = PBXGroup;
			children = (
				4573095C2503FC8E00395AC1 /* CollectionListModel.swift */,
			);
			path = Model;
			sourceTree = "<group>";
		};
		457309592503F8B500395AC1 /* View */ = {
			isa = PBXGroup;
			children = (
				4573095F25042B4D00395AC1 /* CollectionViewCell.swift */,
				4541E39E2504B7580065AA94 /* CollectionReusableView.swift */,
			);
			path = View;
			sourceTree = "<group>";
		};
		4573095E2504064A00395AC1 /* Controller */ = {
			isa = PBXGroup;
			children = (
				457309472503F16E00395AC1 /* ViewController.swift */,
			);
			path = Controller;
			sourceTree = "<group>";
		};
		45730961250433A400395AC1 /* SupportingFiles */ = {
			isa = PBXGroup;
			children = (
				45730963250433E700395AC1 /* CommonHelper.swift */,
			);
			path = SupportingFiles;
			sourceTree = "<group>";
		};
/* End PBXGroup section */

/* Begin PBXNativeTarget section */
		4573093F2503F16E00395AC1 /* doodleblueiOSTask */ = {
			isa = PBXNativeTarget;
			buildConfigurationList = 457309542503F18500395AC1 /* Build configuration list for PBXNativeTarget "doodleblueiOSTask" */;
			buildPhases = (
				4573093C2503F16E00395AC1 /* Sources */,
				4573093D2503F16E00395AC1 /* Frameworks */,
				4573093E2503F16E00395AC1 /* Resources */,
			);
			buildRules = (
			);
			dependencies = (
			);
			name = doodleblueiOSTask;
			productName = doodleblueiOSTask;
			productReference = 457309402503F16E00395AC1 /* doodleblueiOSTask.app */;
			productType = "com.apple.product-type.application";
		};
/* End PBXNativeTarget section */

/* Begin PBXProject section */
		457309382503F16D00395AC1 /* Project object */ = {
			isa = PBXProject;
			attributes = {
				LastSwiftUpdateCheck = 1160;
				LastUpgradeCheck = 1160;
				ORGANIZATIONNAME = example;
				TargetAttributes = {
					4573093F2503F16E00395AC1 = {
						CreatedOnToolsVersion = 11.6;
					};
				};
			};
			buildConfigurationList = 4573093B2503F16D00395AC1 /* Build configuration list for PBXProject "doodleblueiOSTask" */;
			compatibilityVersion = "Xcode 9.3";
			developmentRegion = en;
			hasScannedForEncodings = 0;
			knownRegions = (
				en,
				Base,
			);
			mainGroup = 457309372503F16D00395AC1;
			productRefGroup = 457309412503F16E00395AC1 /* Products */;
			projectDirPath = "";
			projectRoot = "";
			targets = (
				4573093F2503F16E00395AC1 /* doodleblueiOSTask */,
			);
		};
/* End PBXProject section */

/* Begin PBXResourcesBuildPhase section */
		4573093E2503F16E00395AC1 /* Resources */ = {
			isa = PBXResourcesBuildPhase;
			buildActionMask = 2147483647;
			files = (
				457309502503F18500395AC1 /* LaunchScreen.storyboard in Resources */,
				4573094D2503F18400395AC1 /* Assets.xcassets in Resources */,
				4573094B2503F16E00395AC1 /* Main.storyboard in Resources */,
			);
			runOnlyForDeploymentPostprocessing = 0;
		};
/* End PBXResourcesBuildPhase section */

/* Begin PBXSourcesBuildPhase section */
		4573093C2503F16E00395AC1 /* Sources */ = {
			isa = PBXSourcesBuildPhase;
			buildActionMask = 2147483647;
			files = (
				4541E39F2504B7580065AA94 /* CollectionReusableView.swift in Sources */,
				4573096025042B4D00395AC1 /* CollectionViewCell.swift in Sources */,
				457309482503F16E00395AC1 /* ViewController.swift in Sources */,
				45730964250433E700395AC1 /* CommonHelper.swift in Sources */,
				4573095D2503FC8E00395AC1 /* CollectionListModel.swift in Sources */,
				4573095B2503FAEB00395AC1 /* CollectionListViewModel.swift in Sources */,
				457309442503F16E00395AC1 /* AppDelegate.swift in Sources */,
			);
			runOnlyForDeploymentPostprocessing = 0;
		};
/* End PBXSourcesBuildPhase section */

/* Begin PBXVariantGroup section */
		457309492503F16E00395AC1 /* Main.storyboard */ = {
			isa = PBXVariantGroup;
			children = (
				4573094A2503F16E00395AC1 /* Base */,
			);
			name = Main.storyboard;
			sourceTree = "<group>";
		};
		4573094E2503F18500395AC1 /* LaunchScreen.storyboard */ = {
			isa = PBXVariantGroup;
			children = (
				4573094F2503F18500395AC1 /* Base */,
			);
			name = LaunchScreen.storyboard;
			sourceTree = "<group>";
		};
/* End PBXVariantGroup section */

/* Begin XCBuildConfiguration section */
		457309522503F18500395AC1 /* Debug */ = {
			isa = XCBuildConfiguration;
			buildSettings = {
				ALWAYS_SEARCH_USER_PATHS = NO;
				CLANG_ANALYZER_NONNULL = YES;
				CLANG_ANALYZER_NUMBER_OBJECT_CONVERSION = YES_AGGRESSIVE;
				CLANG_CXX_LANGUAGE_STANDARD = "gnu++14";
				CLANG_CXX_LIBRARY = "libc++";
				CLANG_ENABLE_MODULES = YES;
				CLANG_ENABLE_OBJC_ARC = YES;
				CLANG_ENABLE_OBJC_WEAK = YES;
				CLANG_WARN_BLOCK_CAPTURE_AUTORELEASING = YES;
				CLANG_WARN_BOOL_CONVERSION = YES;
				CLANG_WARN_COMMA = YES;
				CLANG_WARN_CONSTANT_CONVERSION = YES;
				CLANG_WARN_DEPRECATED_OBJC_IMPLEMENTATIONS = YES;
				CLANG_WARN_DIRECT_OBJC_ISA_USAGE = YES_ERROR;
				CLANG_WARN_DOCUMENTATION_COMMENTS = YES;
				CLANG_WARN_EMPTY_BODY = YES;
				CLANG_WARN_ENUM_CONVERSION = YES;
				CLANG_WARN_INFINITE_RECURSION = YES;
				CLANG_WARN_INT_CONVERSION = YES;
				CLANG_WARN_NON_LITERAL_NULL_CONVERSION = YES;
				CLANG_WARN_OBJC_IMPLICIT_RETAIN_SELF = YES;
				CLANG_WARN_OBJC_LITERAL_CONVERSION = YES;
				CLANG_WARN_OBJC_ROOT_CLASS = YES_ERROR;
				CLANG_WARN_RANGE_LOOP_ANALYSIS = YES;
				CLANG_WARN_STRICT_PROTOTYPES = YES;
				CLANG_WARN_SUSPICIOUS_MOVE = YES;
				CLANG_WARN_UNGUARDED_AVAILABILITY = YES_AGGRESSIVE;
				CLANG_WARN_UNREACHABLE_CODE = YES;
				CLANG_WARN__DUPLICATE_METHOD_MATCH = YES;
				COPY_PHASE_STRIP = NO;
				DEBUG_INFORMATION_FORMAT = dwarf;
				ENABLE_STRICT_OBJC_MSGSEND = YES;
				ENABLE_TESTABILITY = YES;
				GCC_C_LANGUAGE_STANDARD = gnu11;
				GCC_DYNAMIC_NO_PIC = NO;
				GCC_NO_COMMON_BLOCKS = YES;
				GCC_OPTIMIZATION_LEVEL = 0;
				GCC_PREPROCESSOR_DEFINITIONS = (
					"DEBUG=1",
					"$(inherited)",
				);
				GCC_WARN_64_TO_32_BIT_CONVERSION = YES;
				GCC_WARN_ABOUT_RETURN_TYPE = YES_ERROR;
				GCC_WARN_UNDECLARED_SELECTOR = YES;
				GCC_WARN_UNINITIALIZED_AUTOS = YES_AGGRESSIVE;
				GCC_WARN_UNUSED_FUNCTION = YES;
				GCC_WARN_UNUSED_VARIABLE = YES;
				IPHONEOS_DEPLOYMENT_TARGET = 13.6;
				MTL_ENABLE_DEBUG_INFO = INCLUDE_SOURCE;
				MTL_FAST_MATH = YES;
				ONLY_ACTIVE_ARCH = YES;
				SDKROOT = iphoneos;
				SWIFT_ACTIVE_COMPILATION_CONDITIONS = DEBUG;
				SWIFT_OPTIMIZATION_LEVEL = "-Onone";
			};
			name = Debug;
		};
		457309532503F18500395AC1 /* Release */ = {
			isa = XCBuildConfiguration;
			buildSettings = {
				ALWAYS_SEARCH_USER_PATHS = NO;
				CLANG_ANALYZER_NONNULL = YES;
				CLANG_ANALYZER_NUMBER_OBJECT_CONVERSION = YES_AGGRESSIVE;
				CLANG_CXX_LANGUAGE_STANDARD = "gnu++14";
				CLANG_CXX_LIBRARY = "libc++";
				CLANG_ENABLE_MODULES = YES;
				CLANG_ENABLE_OBJC_ARC = YES;
				CLANG_ENABLE_OBJC_WEAK = YES;
				CLANG_WARN_BLOCK_CAPTURE_AUTORELEASING = YES;
				CLANG_WARN_BOOL_CONVERSION = YES;
				CLANG_WARN_COMMA = YES;
				CLANG_WARN_CONSTANT_CONVERSION = YES;
				CLANG_WARN_DEPRECATED_OBJC_IMPLEMENTATIONS = YES;
				CLANG_WARN_DIRECT_OBJC_ISA_USAGE = YES_ERROR;
				CLANG_WARN_DOCUMENTATION_COMMENTS = YES;
				CLANG_WARN_EMPTY_BODY = YES;
				CLANG_WARN_ENUM_CONVERSION = YES;
				CLANG_WARN_INFINITE_RECURSION = YES;
				CLANG_WARN_INT_CONVERSION = YES;
				CLANG_WARN_NON_LITERAL_NULL_CONVERSION = YES;
				CLANG_WARN_OBJC_IMPLICIT_RETAIN_SELF = YES;
				CLANG_WARN_OBJC_LITERAL_CONVERSION = YES;
				CLANG_WARN_OBJC_ROOT_CLASS = YES_ERROR;
				CLANG_WARN_RANGE_LOOP_ANALYSIS = YES;
				CLANG_WARN_STRICT_PROTOTYPES = YES;
				CLANG_WARN_SUSPICIOUS_MOVE = YES;
				CLANG_WARN_UNGUARDED_AVAILABILITY = YES_AGGRESSIVE;
				CLANG_WARN_UNREACHABLE_CODE = YES;
				CLANG_WARN__DUPLICATE_METHOD_MATCH = YES;
				COPY_PHASE_STRIP = NO;
				DEBUG_INFORMATION_FORMAT = "dwarf-with-dsym";
				ENABLE_NS_ASSERTIONS = NO;
				ENABLE_STRICT_OBJC_MSGSEND = YES;
				GCC_C_LANGUAGE_STANDARD = gnu11;
				GCC_NO_COMMON_BLOCKS = YES;
				GCC_WARN_64_TO_32_BIT_CONVERSION = YES;
				GCC_WARN_ABOUT_RETURN_TYPE = YES_ERROR;
				GCC_WARN_UNDECLARED_SELECTOR = YES;
				GCC_WARN_UNINITIALIZED_AUTOS = YES_AGGRESSIVE;
				GCC_WARN_UNUSED_FUNCTION = YES;
				GCC_WARN_UNUSED_VARIABLE = YES;
				IPHONEOS_DEPLOYMENT_TARGET = 13.6;
				MTL_ENABLE_DEBUG_INFO = NO;
				MTL_FAST_MATH = YES;
				SDKROOT = iphoneos;
				SWIFT_COMPILATION_MODE = wholemodule;
				SWIFT_OPTIMIZATION_LEVEL = "-O";
				VALIDATE_PRODUCT = YES;
			};
			name = Release;
		};
		457309552503F18500395AC1 /* Debug */ = {
			isa = XCBuildConfiguration;
			buildSettings = {
				ASSETCATALOG_COMPILER_APPICON_NAME = AppIcon;
				CODE_SIGN_STYLE = Automatic;
				DEVELOPMENT_TEAM = 5HXD835SDF;
				INFOPLIST_FILE = doodleblueiOSTask/Info.plist;
				IPHONEOS_DEPLOYMENT_TARGET = 12.0;
				LD_RUNPATH_SEARCH_PATHS = (
					"$(inherited)",
					"@executable_path/Frameworks",
				);
				PRODUCT_BUNDLE_IDENTIFIER = com.example.doodleblueiOSTask;
				PRODUCT_NAME = "$(TARGET_NAME)";
				SWIFT_VERSION = 5.0;
				TARGETED_DEVICE_FAMILY = "1,2";
			};
			name = Debug;
		};
		457309562503F18500395AC1 /* Release */ = {
			isa = XCBuildConfiguration;
			buildSettings = {
				ASSETCATALOG_COMPILER_APPICON_NAME = AppIcon;
				CODE_SIGN_STYLE = Automatic;
				DEVELOPMENT_TEAM = 5HXD835SDF;
				INFOPLIST_FILE = doodleblueiOSTask/Info.plist;
				IPHONEOS_DEPLOYMENT_TARGET = 12.0;
				LD_RUNPATH_SEARCH_PATHS = (
					"$(inherited)",
					"@executable_path/Frameworks",
				);
				PRODUCT_BUNDLE_IDENTIFIER = com.example.doodleblueiOSTask;
				PRODUCT_NAME = "$(TARGET_NAME)";
				SWIFT_VERSION = 5.0;
				TARGETED_DEVICE_FAMILY = "1,2";
			};
			name = Release;
		};
/* End XCBuildConfiguration section */

/* Begin XCConfigurationList section */
		4573093B2503F16D00395AC1 /* Build configuration list for PBXProject "doodleblueiOSTask" */ = {
			isa = XCConfigurationList;
			buildConfigurations = (
				457309522503F18500395AC1 /* Debug */,
				457309532503F18500395AC1 /* Release */,
			);
			defaultConfigurationIsVisible = 0;
			defaultConfigurationName = Release;
		};
		457309542503F18500395AC1 /* Build configuration list for PBXNativeTarget "doodleblueiOSTask" */ = {
			isa = XCConfigurationList;
			buildConfigurations = (
				457309552503F18500395AC1 /* Debug */,
				457309562503F18500395AC1 /* Release */,
			);
			defaultConfigurationIsVisible = 0;
			defaultConfigurationName = Release;
		};
/* End XCConfigurationList section */
	};
	rootObject = 457309382503F16D00395AC1 /* Project object */;
}
